
Microsoft Visual Studio Solution File, Format Version 12.00
# Visual Studio Version 16
VisualStudioVersion = 16.0.30225.117
MinimumVisualStudioVersion = 10.0.40219.1
Project("{FAE04EC0-301F-11D3-BF4B-00C04F79EFBC}") = "BookMan", "BookMan\BookMan.csproj", "{441C6E97-C760-49E5-912D-92471AC2F024}"
EndProject
Global
	GlobalSection(SolutionConfigurationPlatforms) = preSolution
		Debug|Any CPU = Debug|Any CPU
		Release|Any CPU = Release|Any CPU
	EndGlobalSection
	GlobalSection(ProjectConfigurationPlatforms) = postSolution
		{441C6E97-C760-49E5-912D-92471AC2F024}.Debug|Any CPU.ActiveCfg = Debug|Any CPU
		{441C6E97-C760-49E5-912D-92471AC2F024}.Debug|Any CPU.Build.0 = Debug|Any CPU
		{441C6E97-C760-49E5-912D-92471AC2F024}.Release|Any CPU.ActiveCfg = Release|Any CPU
		{441C6E97-C760-49E5-912D-92471AC2F024}.Release|Any CPU.Build.0 = Release|Any CPU
	EndGlobalSection
	GlobalSection(SolutionProperties) = preSolution
		HideSolutionNode = FALSE
	EndGlobalSection
	GlobalSection(ExtensibilityGlobals) = postSolution
		SolutionGuid = {8BB9DB84-934F-43C6-AD7A-19EB40B1DA57}
	EndGlobalSection
EndGlobal
